{
  "name": "pulse-of-war",
  "version": "0.1.0",
  "lockfileVersion": 3,
  "requires": true,
  "packages": {
    "": {
      "name": "pulse-of-war",
      "version": "0.1.0",
      "dependencies": {
        "@ai-sdk/anthropic": "^2.0.0",
        "ai": "^6.0.0"
      },
      "devDependencies": {
        "@types/node": "^24.0.0",
        "typescript": "^5.6.0"
      },
      "engines": {
        "node": ">=24"
      }
    },
    "node_modules/@ai-sdk/anthropic": {
      "version": "2.0.75",
      "resolved": "https://registry.npmjs.org/@ai-sdk/anthropic/-/anthropic-2.0.75.tgz",
      "integrity": "sha512-ggiWzdjnOFOh02PrrkoYwHS1kNUvalUFOTp6cVaNPYKbNnp3e4j0N2tgroWHw+Pbuhzc4w8GLKuRmE+aTH9zyw==",
      "license": "Apache-2.0",
      "dependencies": {
        "@ai-sdk/provider": "2.0.1",
        "@ai-sdk/provider-utils": "3.0.23"
      },
      "engines": {
        "node": ">=18"
      },
      "peerDependencies": {
        "zod": "^3.25.76 || ^4.1.8"
      }
    },
    "node_modules/@ai-sdk/gateway": {
      "version": "3.0.103",
      "resolved": "https://registry.npmjs.org/@ai-sdk/gateway/-/gateway-3.0.103.tgz",
      "integrity": "sha512-1bkszJyw/AmjQBBQG115W+FlTfEN4S19DmJGBRFJyl4b9dlj6VZ/5ZL2ImgeUp0u2UKEMqxpQm98zbW5Lay0Fw==",
      "license": "Apache-2.0",
      "dependencies": {
        "@ai-sdk/provider": "3.0.8",
        "@ai-sdk/provider-utils": "4.0.23",
        "@vercel/oidc": "3.1.0"
      },
      "engines": {
        "node": ">=18"
      },
      "peerDependencies": {
        "zod": "^3.25.76 || ^4.1.8"
      }
    },
    "node_modules/@ai-sdk/gateway/node_modules/@ai-sdk/provider": {
      "version": "3.0.8",
      "resolved": "https://registry.npmjs.org/@ai-sdk/provider/-/provider-3.0.8.tgz",
      "integrity": "sha512-oGMAgGoQdBXbZqNG0Ze56CHjDZ1IDYOwGYxYjO5KLSlz5HiNQ9udIXsPZ61VWaHGZ5XW/jyjmr6t2xz2jGVwbQ==",
      "license": "Apache-2.0",
      "dependencies": {
        "json-schema": "^0.4.0"
      },
      "engines": {
        "node": ">=18"
      }
    },
    "node_modules/@ai-sdk/gateway/node_modules/@ai-sdk/provider-utils": {
      "version": "4.0.23",
      "resolved": "https://registry.npmjs.org/@ai-sdk/provider-utils/-/provider-utils-4.0.23.tgz",
      "integrity": "sha512-z8GlDaCmRSDlqkMF2f4/RFgWxdarvIbyuk+m6WXT1LYgsnGiXRJGTD2Z1+SDl3LqtFuRtGX1aghYvQLoHL/9pg==",
      "license": "Apache-2.0",
      "dependencies": {
        "@ai-sdk/provider": "3.0.8",
        "@standard-schema/spec": "^1.1.0",
        "eventsource-parser": "^3.0.6"
      },
      "engines": {
        "node": ">=18"
      },
      "peerDependencies": {
        "zod": "^3.25.76 || ^4.1.8"
      }
    },
    "node_modules/@ai-sdk/provider": {
      "version": "2.0.1",
      "resolved": "https://registry.npmjs.org/@ai-sdk/provider/-/provider-2.0.1.tgz",
      "integrity": "sha512-KCUwswvsC5VsW2PWFqF8eJgSCu5Ysj7m1TxiHTVA6g7k360bk0RNQENT8KTMAYEs+8fWPD3Uu4dEmzGHc+jGng==",
      "license": "Apache-2.0",
      "dependencies": {
        "json-schema": "^0.4.0"
      },
      "engines": {
        "node": ">=18"
      }
    },
    "node_modules/@ai-sdk/provider-utils": {
      "version": "3.0.23",
      "resolved": "https://registry.npmjs.org/@ai-sdk/provider-utils/-/provider-utils-3.0.23.tgz",
      "integrity": "sha512-60GYsRj5wIJQRcq5YwYJq4KhwLeStceXEJiZdecP1miiH+6FMmrnc7lZDOJoQ6m9lrudEb+uI4LEwddLz5+rPQ==",
      "license": "Apache-2.0",
      "dependencies": {
        "@ai-sdk/provider": "2.0.1",
        "@standard-schema/spec": "^1.0.0",
        "eventsource-parser": "^3.0.6"
      },
      "engines": {
        "node": ">=18"
      },
      "peerDependencies": {
        "zod": "^3.25.76 || ^4.1.8"
      }
    },
    "node_modules/@opentelemetry/api": {
      "version": "1.9.0",
      "resolved": "https://registry.npmjs.org/@opentelemetry/api/-/api-1.9.0.tgz",
      "integrity": "sha512-3giAOQvZiH5F9bMlMiv8+GSPMeqg0dbaeo58/0SlA9sxSqZhnUtxzX9/2FzyhS9sWQf5S0GJE0AKBrFqjpeYcg==",
      "license": "Apache-2.0",
      "engines": {
        "node": ">=8.0.0"
      }
    },
    "node_modules/@standard-schema/spec": {
      "version": "1.1.0",
      "resolved": "https://registry.npmjs.org/@standard-schema/spec/-/spec-1.1.0.tgz",
      "integrity": "sha512-l2aFy5jALhniG5HgqrD6jXLi/rUWrKvqN/qJx6yoJsgKhblVd+iqqU4RCXavm/jPityDo5TCvKMnpjKnOriy0w==",
      "license": "MIT"
    },
    "node_modules/@types/node": {
      "version": "24.12.2",
      "resolved": "https://registry.npmjs.org/@types/node/-/node-24.12.2.tgz",
      "integrity": "sha512-A1sre26ke7HDIuY/M23nd9gfB+nrmhtYyMINbjI1zHJxYteKR6qSMX56FsmjMcDb3SMcjJg5BiRRgOCC/yBD0g==",
      "dev": true,
      "license": "MIT",
      "dependencies": {
        "undici-types": "~7.16.0"
      }
    },
    "node_modules/@vercel/oidc": {
      "version": "3.1.0",
      "resolved": "https://registry.npmjs.org/@vercel/oidc/-/oidc-3.1.0.tgz",
      "integrity": "sha512-Fw28YZpRnA3cAHHDlkt7xQHiJ0fcL+NRcIqsocZQUSmbzeIKRpwttJjik5ZGanXP+vlA4SbTg+AbA3bP363l+w==",
      "license": "Apache-2.0",
      "engines": {
        "node": ">= 20"
      }
    },
    "node_modules/ai": {
      "version": "6.0.167",
      "resolved": "https://registry.npmjs.org/ai/-/ai-6.0.167.tgz",
      "integrity": "sha512-fhasG7pa+tDM6j1QZ+P8OWvZKHblE8JrfBwFxCFNNmoCEmo6lGT74dYxPDJKoEib/cO5KMx0FRRLaL4L2ZNr0A==",
      "license": "Apache-2.0",
      "dependencies": {
        "@ai-sdk/gateway": "3.0.103",
        "@ai-sdk/provider": "3.0.8",
        "@ai-sdk/provider-utils": "4.0.23",
        "@opentelemetry/api": "1.9.0"
      },
      "engines": {
        "node": ">=18"
      },
      "peerDependencies": {
        "zod": "^3.25.76 || ^4.1.8"
      }
    },
    "node_modules/ai/node_modules/@ai-sdk/provider": {
      "version": "3.0.8",
      "resolved": "https://registry.npmjs.org/@ai-sdk/provider/-/provider-3.0.8.tgz",
      "integrity": "sha512-oGMAgGoQdBXbZqNG0Ze56CHjDZ1IDYOwGYxYjO5KLSlz5HiNQ9udIXsPZ61VWaHGZ5XW/jyjmr6t2xz2jGVwbQ==",
      "license": "Apache-2.0",
      "dependencies": {
        "json-schema": "^0.4.0"
      },
      "engines": {
        "node": ">=18"
      }
    },
    "node_modules/ai/node_modules/@ai-sdk/provider-utils": {
      "version": "4.0.23",
      "resolved": "https://registry.npmjs.org/@ai-sdk/provider-utils/-/provider-utils-4.0.23.tgz",
      "integrity": "sha512-z8GlDaCmRSDlqkMF2f4/RFgWxdarvIbyuk+m6WXT1LYgsnGiXRJGTD2Z1+SDl3LqtFuRtGX1aghYvQLoHL/9pg==",
      "license": "Apache-2.0",
      "dependencies": {
        "@ai-sdk/provider": "3.0.8",
        "@standard-schema/spec": "^1.1.0",
        "eventsource-parser": "^3.0.6"
      },
      "engines": {
        "node": ">=18"
      },
      "peerDependencies": {
        "zod": "^3.25.76 || ^4.1.8"
      }
    },
    "node_modules/eventsource-parser": {
      "version": "3.0.6",
      "resolved": "https://registry.npmjs.org/eventsource-parser/-/eventsource-parser-3.0.6.tgz",
      "integrity": "sha512-Vo1ab+QXPzZ4tCa8SwIHJFaSzy4R6SHf7BY79rFBDf0idraZWAkYrDjDj8uWaSm3S2TK+hJ7/t1CEmZ7jXw+pg==",
      "license": "MIT",
      "engines": {
        "node": ">=18.0.0"
      }
    },
    "node_modules/json-schema": {
      "version": "0.4.0",
      "resolved": "https://registry.npmjs.org/json-schema/-/json-schema-0.4.0.tgz",
      "integrity": "sha512-es94M3nTIfsEPisRafak+HDLfHXnKBhV3vU5eqPcS3flIWqcxJWgXHXiey3YrpaNsanY5ei1VoYEbOzijuq9BA==",
      "license": "(AFL-2.1 OR BSD-3-Clause)"
    },
    "node_modules/typescript": {
      "version": "5.9.3",
      "resolved": "https://registry.npmjs.org/typescript/-/typescript-5.9.3.tgz",
      "integrity": "sha512-jl1vZzPDinLr9eUt3J/t7V6FgNEw9QjvBPdysz9KfQDD41fQrC2Y4vKQdiaUpFT4bXlb1RHhLpp8wtm6M5TgSw==",
      "dev": true,
      "license": "Apache-2.0",
      "bin": {
        "tsc": "bin/tsc",
        "tsserver": "bin/tsserver"
      },
      "engines": {
        "node": ">=14.17"
      }
    },
    "node_modules/undici-types": {
      "version": "7.16.0",
      "resolved": "https://registry.npmjs.org/undici-types/-/undici-types-7.16.0.tgz",
      "integrity": "sha512-Zz+aZWSj8LE6zoxD+xrjh4VfkIG8Ya6LvYkZqtUQGJPZjYl53ypCaUwWqo7eI0x66KBGeRo+mlBEkMSeSZ38Nw==",
      "dev": true,
      "license": "MIT"
    },
    "node_modules/zod": {
      "version": "4.3.6",
      "resolved": "https://registry.npmjs.org/zod/-/zod-4.3.6.tgz",
      "integrity": "sha512-rftlrkhHZOcjDwkGlnUtZZkvaPHCsDATp4pGpuOOMDaTdDDXF91wuVDJoWoPsKX/3YPQ5fHuF3STjcYyKr+Qhg==",
      "license": "MIT",
      "peer": true,
      "funding": {
        "url": "https://github.com/sponsors/colinhacks"
      }
    }
  }
}
